
Microsoft Visual Studio Solution File, Format Version 12.00
# Visual Studio 15
VisualStudioVersion = 15.0.27703.2042
MinimumVisualStudioVersion = 10.0.40219.1
Project("{8BC9CEB8-8B4A-11D0-8D11-00A0C91BC942}") = "SimpleGazeTracker_OptiTrack", "optitrack\optitrack.vcxproj", "{42A0F499-EE76-4E8E-9EAE-7EC5AF6C95B8}"
EndProject
Project("{54435603-DBB4-11D2-8724-00A0C9A8B90C}") = "Setup_OptiTrack", "Setup_OptiTrack\Setup_OptiTrack.vdproj", "{C6F96E95-B699-4E97-BD10-2C1142A36D84}"
EndProject
Project("{8BC9CEB8-8B4A-11D0-8D11-00A0C91BC942}") = "SimpleGazeTracker_OpenCV", "opencv\opencv.vcxproj", "{2C28F1D3-A363-4D23-8D82-9BDD441428D1}"
EndProject
Project("{8BC9CEB8-8B4A-11D0-8D11-00A0C91BC942}") = "SimpleGazeTracker_GPC5300", "gpc5300\gpc5300.vcxproj", "{F64918EA-DD9F-4213-ABE2-28B571DC1AAB}"
EndProject
Project("{54435603-DBB4-11D2-8724-00A0C9A8B90C}") = "Setup_OpenCV", "Setup_OpenCV\Setup_OpenCV.vdproj", "{C0074100-7EE6-4A53-B915-122243E3AA58}"
EndProject
Project("{8BC9CEB8-8B4A-11D0-8D11-00A0C91BC942}") = "SimpleGazeTracker_FlyCapture2", "flycapture2\flycapture2.vcxproj", "{162A91BA-84C3-4B96-8FED-A985BB6C3287}"
EndProject
Project("{54435603-DBB4-11D2-8724-00A0C9A8B90C}") = "Setup_FlyCapture2", "Setup_FlyCapture2\Setup_FlyCapture2.vdproj", "{34C50499-7515-44E4-B1BD-C7A1920169D3}"
EndProject
Project("{54435603-DBB4-11D2-8724-00A0C9A8B90C}") = "Setup_GPC5300", "Setup_GPC5300\Setup_GPC5300.vdproj", "{EA8A1831-E3AA-45EF-AE75-680296138425}"
EndProject
Project("{8BC9CEB8-8B4A-11D0-8D11-00A0C91BC942}") = "SimpleGazeTracker_DirectShow", "directshow\directshow.vcxproj", "{CAEA85C4-B0D1-4F5A-AC66-75C03ADFAB3B}"
EndProject
Project("{54435603-DBB4-11D2-8724-00A0C9A8B90C}") = "Setup_DirectShow", "Setup_DirectShow\Setup_DirectShow.vdproj", "{E192951F-0C64-4CBA-BB24-A3CC65554FD5}"
EndProject
Project("{E24C65DC-7377-472B-9ABA-BC803B73C61A}") = "doc", "doc\", "{3CA893A5-6842-4B0B-816F-622C3F2635CE}"
	ProjectSection(WebsiteProperties) = preProject
		TargetFrameworkMoniker = ".NETFramework,Version%3Dv4.0"
		Debug.AspNetCompiler.VirtualPath = "/localhost_54625"
		Debug.AspNetCompiler.PhysicalPath = "doc\"
		Debug.AspNetCompiler.TargetPath = "PrecompiledWeb\localhost_54625\"
		Debug.AspNetCompiler.Updateable = "true"
		Debug.AspNetCompiler.ForceOverwrite = "true"
		Debug.AspNetCompiler.FixedNames = "false"
		Debug.AspNetCompiler.Debug = "True"
		Release.AspNetCompiler.VirtualPath = "/localhost_54625"
		Release.AspNetCompiler.PhysicalPath = "doc\"
		Release.AspNetCompiler.TargetPath = "PrecompiledWeb\localhost_54625\"
		Release.AspNetCompiler.Updateable = "true"
		Release.AspNetCompiler.ForceOverwrite = "true"
		Release.AspNetCompiler.FixedNames = "false"
		Release.AspNetCompiler.Debug = "False"
		VWDPort = "54625"
		SlnRelativePath = "doc\"
	EndProjectSection
EndProject
Project("{8BC9CEB8-8B4A-11D0-8D11-00A0C91BC942}") = "SimpleGazeTracker_ImageTest", "imagetest\imagetest.vcxproj", "{CEC1C31A-221E-4FE8-BFB4-6F0A91B7F3EC}"
EndProject
Project("{8BC9CEB8-8B4A-11D0-8D11-00A0C91BC942}") = "SimpleGazeTracker_Spinnaker", "spinnaker\spinnaker.vcxproj", "{5F0573F9-2183-42AD-83B9-1F07C301BEE9}"
EndProject
Project("{8BC9CEB8-8B4A-11D0-8D11-00A0C91BC942}") = "SimpleGazeTracker_ImagingControl", "ic\ic.vcxproj", "{3D5F9BB9-3FC9-4F7A-B839-2997B199F49E}"
EndProject
Global
	GlobalSection(SolutionConfigurationPlatforms) = preSolution
		CD_ROM|Any CPU = CD_ROM|Any CPU
		CD_ROM|Win32 = CD_ROM|Win32
		CD_ROM|x64 = CD_ROM|x64
		Debug|Any CPU = Debug|Any CPU
		Debug|Win32 = Debug|Win32
		Debug|x64 = Debug|x64
		DVD-5|Any CPU = DVD-5|Any CPU
		DVD-5|Win32 = DVD-5|Win32
		DVD-5|x64 = DVD-5|x64
		Release|Any CPU = Release|Any CPU
		Release|Win32 = Release|Win32
		Release|x64 = Release|x64
		SingleImage|Any CPU = SingleImage|Any CPU
		SingleImage|Win32 = SingleImage|Win32
		SingleImage|x64 = SingleImage|x64
	EndGlobalSection
	GlobalSection(ProjectConfigurationPlatforms) = postSolution
		{42A0F499-EE76-4E8E-9EAE-7EC5AF6C95B8}.CD_ROM|Any CPU.ActiveCfg = Debug|x64
		{42A0F499-EE76-4E8E-9EAE-7EC5AF6C95B8}.CD_ROM|Any CPU.Build.0 = Debug|x64
		{42A0F499-EE76-4E8E-9EAE-7EC5AF6C95B8}.CD_ROM|Win32.ActiveCfg = Release|Win32
		{42A0F499-EE76-4E8E-9EAE-7EC5AF6C95B8}.CD_ROM|Win32.Build.0 = Release|Win32
		{42A0F499-EE76-4E8E-9EAE-7EC5AF6C95B8}.CD_ROM|x64.ActiveCfg = Release|x64
		{42A0F499-EE76-4E8E-9EAE-7EC5AF6C95B8}.CD_ROM|x64.Build.0 = Release|x64
		{42A0F499-EE76-4E8E-9EAE-7EC5AF6C95B8}.Debug|Any CPU.ActiveCfg = Debug|Win32
		{42A0F499-EE76-4E8E-9EAE-7EC5AF6C95B8}.Debug|Win32.ActiveCfg = Debug|Win32
		{42A0F499-EE76-4E8E-9EAE-7EC5AF6C95B8}.Debug|Win32.Build.0 = Debug|Win32
		{42A0F499-EE76-4E8E-9EAE-7EC5AF6C95B8}.Debug|x64.ActiveCfg = Debug|x64
		{42A0F499-EE76-4E8E-9EAE-7EC5AF6C95B8}.Debug|x64.Build.0 = Debug|x64
		{42A0F499-EE76-4E8E-9EAE-7EC5AF6C95B8}.DVD-5|Any CPU.ActiveCfg = Debug|x64
		{42A0F499-EE76-4E8E-9EAE-7EC5AF6C95B8}.DVD-5|Any CPU.Build.0 = Debug|x64
		{42A0F499-EE76-4E8E-9EAE-7EC5AF6C95B8}.DVD-5|Win32.ActiveCfg = Debug|Win32
		{42A0F499-EE76-4E8E-9EAE-7EC5AF6C95B8}.DVD-5|Win32.Build.0 = Debug|Win32
		{42A0F499-EE76-4E8E-9EAE-7EC5AF6C95B8}.DVD-5|x64.ActiveCfg = Debug|x64
		{42A0F499-EE76-4E8E-9EAE-7EC5AF6C95B8}.DVD-5|x64.Build.0 = Debug|x64
		{42A0F499-EE76-4E8E-9EAE-7EC5AF6C95B8}.Release|Any CPU.ActiveCfg = Release|Win32
		{42A0F499-EE76-4E8E-9EAE-7EC5AF6C95B8}.Release|Win32.ActiveCfg = Release|Win32
		{42A0F499-EE76-4E8E-9EAE-7EC5AF6C95B8}.Release|Win32.Build.0 = Release|Win32
		{42A0F499-EE76-4E8E-9EAE-7EC5AF6C95B8}.Release|x64.ActiveCfg = Release|x64
		{42A0F499-EE76-4E8E-9EAE-7EC5AF6C95B8}.SingleImage|Any CPU.ActiveCfg = Debug|x64
		{42A0F499-EE76-4E8E-9EAE-7EC5AF6C95B8}.SingleImage|Any CPU.Build.0 = Debug|x64
		{42A0F499-EE76-4E8E-9EAE-7EC5AF6C95B8}.SingleImage|Win32.ActiveCfg = Release|Win32
		{42A0F499-EE76-4E8E-9EAE-7EC5AF6C95B8}.SingleImage|Win32.Build.0 = Release|Win32
		{42A0F499-EE76-4E8E-9EAE-7EC5AF6C95B8}.SingleImage|x64.ActiveCfg = Release|x64
		{42A0F499-EE76-4E8E-9EAE-7EC5AF6C95B8}.SingleImage|x64.Build.0 = Release|x64
		{C6F96E95-B699-4E97-BD10-2C1142A36D84}.CD_ROM|Any CPU.ActiveCfg = Debug
		{C6F96E95-B699-4E97-BD10-2C1142A36D84}.CD_ROM|Any CPU.Build.0 = Debug
		{C6F96E95-B699-4E97-BD10-2C1142A36D84}.CD_ROM|Win32.ActiveCfg = Release
		{C6F96E95-B699-4E97-BD10-2C1142A36D84}.CD_ROM|Win32.Build.0 = Release
		{C6F96E95-B699-4E97-BD10-2C1142A36D84}.CD_ROM|x64.ActiveCfg = Debug
		{C6F96E95-B699-4E97-BD10-2C1142A36D84}.CD_ROM|x64.Build.0 = Debug
		{C6F96E95-B699-4E97-BD10-2C1142A36D84}.Debug|Any CPU.ActiveCfg = Debug
		{C6F96E95-B699-4E97-BD10-2C1142A36D84}.Debug|Any CPU.Build.0 = Debug
		{C6F96E95-B699-4E97-BD10-2C1142A36D84}.Debug|Win32.ActiveCfg = Debug
		{C6F96E95-B699-4E97-BD10-2C1142A36D84}.Debug|x64.ActiveCfg = Debug
		{C6F96E95-B699-4E97-BD10-2C1142A36D84}.Debug|x64.Build.0 = Debug
		{C6F96E95-B699-4E97-BD10-2C1142A36D84}.DVD-5|Any CPU.ActiveCfg = Debug
		{C6F96E95-B699-4E97-BD10-2C1142A36D84}.DVD-5|Any CPU.Build.0 = Debug
		{C6F96E95-B699-4E97-BD10-2C1142A36D84}.DVD-5|Win32.ActiveCfg = Debug
		{C6F96E95-B699-4E97-BD10-2C1142A36D84}.DVD-5|Win32.Build.0 = Debug
		{C6F96E95-B699-4E97-BD10-2C1142A36D84}.DVD-5|x64.ActiveCfg = Debug
		{C6F96E95-B699-4E97-BD10-2C1142A36D84}.DVD-5|x64.Build.0 = Debug
		{C6F96E95-B699-4E97-BD10-2C1142A36D84}.Release|Any CPU.ActiveCfg = Release
		{C6F96E95-B699-4E97-BD10-2C1142A36D84}.Release|Any CPU.Build.0 = Release
		{C6F96E95-B699-4E97-BD10-2C1142A36D84}.Release|Win32.ActiveCfg = Release
		{C6F96E95-B699-4E97-BD10-2C1142A36D84}.Release|x64.ActiveCfg = Release
		{C6F96E95-B699-4E97-BD10-2C1142A36D84}.Release|x64.Build.0 = Release
		{C6F96E95-B699-4E97-BD10-2C1142A36D84}.SingleImage|Any CPU.ActiveCfg = Debug
		{C6F96E95-B699-4E97-BD10-2C1142A36D84}.SingleImage|Any CPU.Build.0 = Debug
		{C6F96E95-B699-4E97-BD10-2C1142A36D84}.SingleImage|Win32.ActiveCfg = Release
		{C6F96E95-B699-4E97-BD10-2C1142A36D84}.SingleImage|Win32.Build.0 = Release
		{C6F96E95-B699-4E97-BD10-2C1142A36D84}.SingleImage|x64.ActiveCfg = Debug
		{C6F96E95-B699-4E97-BD10-2C1142A36D84}.SingleImage|x64.Build.0 = Debug
		{2C28F1D3-A363-4D23-8D82-9BDD441428D1}.CD_ROM|Any CPU.ActiveCfg = Debug|x64
		{2C28F1D3-A363-4D23-8D82-9BDD441428D1}.CD_ROM|Any CPU.Build.0 = Debug|x64
		{2C28F1D3-A363-4D23-8D82-9BDD441428D1}.CD_ROM|Win32.ActiveCfg = Release|Win32
		{2C28F1D3-A363-4D23-8D82-9BDD441428D1}.CD_ROM|Win32.Build.0 = Release|Win32
		{2C28F1D3-A363-4D23-8D82-9BDD441428D1}.CD_ROM|x64.ActiveCfg = Release|x64
		{2C28F1D3-A363-4D23-8D82-9BDD441428D1}.CD_ROM|x64.Build.0 = Release|x64
		{2C28F1D3-A363-4D23-8D82-9BDD441428D1}.Debug|Any CPU.ActiveCfg = Debug|Win32
		{2C28F1D3-A363-4D23-8D82-9BDD441428D1}.Debug|Win32.ActiveCfg = Debug|Win32
		{2C28F1D3-A363-4D23-8D82-9BDD441428D1}.Debug|Win32.Build.0 = Debug|Win32
		{2C28F1D3-A363-4D23-8D82-9BDD441428D1}.Debug|x64.ActiveCfg = Debug|x64
		{2C28F1D3-A363-4D23-8D82-9BDD441428D1}.Debug|x64.Build.0 = Debug|x64
		{2C28F1D3-A363-4D23-8D82-9BDD441428D1}.DVD-5|Any CPU.ActiveCfg = Debug|x64
		{2C28F1D3-A363-4D23-8D82-9BDD441428D1}.DVD-5|Any CPU.Build.0 = Debug|x64
		{2C28F1D3-A363-4D23-8D82-9BDD441428D1}.DVD-5|Win32.ActiveCfg = Debug|Win32
		{2C28F1D3-A363-4D23-8D82-9BDD441428D1}.DVD-5|Win32.Build.0 = Debug|Win32
		{2C28F1D3-A363-4D23-8D82-9BDD441428D1}.DVD-5|x64.ActiveCfg = Debug|x64
		{2C28F1D3-A363-4D23-8D82-9BDD441428D1}.DVD-5|x64.Build.0 = Debug|x64
		{2C28F1D3-A363-4D23-8D82-9BDD441428D1}.Release|Any CPU.ActiveCfg = Release|Win32
		{2C28F1D3-A363-4D23-8D82-9BDD441428D1}.Release|Win32.ActiveCfg = Release|Win32
		{2C28F1D3-A363-4D23-8D82-9BDD441428D1}.Release|Win32.Build.0 = Release|Win32
		{2C28F1D3-A363-4D23-8D82-9BDD441428D1}.Release|x64.ActiveCfg = Release|x64
		{2C28F1D3-A363-4D23-8D82-9BDD441428D1}.SingleImage|Any CPU.ActiveCfg = Debug|x64
		{2C28F1D3-A363-4D23-8D82-9BDD441428D1}.SingleImage|Any CPU.Build.0 = Debug|x64
		{2C28F1D3-A363-4D23-8D82-9BDD441428D1}.SingleImage|Win32.ActiveCfg = Release|Win32
		{2C28F1D3-A363-4D23-8D82-9BDD441428D1}.SingleImage|Win32.Build.0 = Release|Win32
		{2C28F1D3-A363-4D23-8D82-9BDD441428D1}.SingleImage|x64.ActiveCfg = Release|x64
		{2C28F1D3-A363-4D23-8D82-9BDD441428D1}.SingleImage|x64.Build.0 = Release|x64
		{F64918EA-DD9F-4213-ABE2-28B571DC1AAB}.CD_ROM|Any CPU.ActiveCfg = Debug|x64
		{F64918EA-DD9F-4213-ABE2-28B571DC1AAB}.CD_ROM|Any CPU.Build.0 = Debug|x64
		{F64918EA-DD9F-4213-ABE2-28B571DC1AAB}.CD_ROM|Win32.ActiveCfg = Release|Win32
		{F64918EA-DD9F-4213-ABE2-28B571DC1AAB}.CD_ROM|Win32.Build.0 = Release|Win32
		{F64918EA-DD9F-4213-ABE2-28B571DC1AAB}.CD_ROM|x64.ActiveCfg = Release|x64
		{F64918EA-DD9F-4213-ABE2-28B571DC1AAB}.CD_ROM|x64.Build.0 = Release|x64
		{F64918EA-DD9F-4213-ABE2-28B571DC1AAB}.Debug|Any CPU.ActiveCfg = Debug|Win32
		{F64918EA-DD9F-4213-ABE2-28B571DC1AAB}.Debug|Win32.ActiveCfg = Debug|Win32
		{F64918EA-DD9F-4213-ABE2-28B571DC1AAB}.Debug|Win32.Build.0 = Debug|Win32
		{F64918EA-DD9F-4213-ABE2-28B571DC1AAB}.Debug|x64.ActiveCfg = Debug|x64
		{F64918EA-DD9F-4213-ABE2-28B571DC1AAB}.Debug|x64.Build.0 = Debug|x64
		{F64918EA-DD9F-4213-ABE2-28B571DC1AAB}.DVD-5|Any CPU.ActiveCfg = Debug|x64
		{F64918EA-DD9F-4213-ABE2-28B571DC1AAB}.DVD-5|Any CPU.Build.0 = Debug|x64
		{F64918EA-DD9F-4213-ABE2-28B571DC1AAB}.DVD-5|Win32.ActiveCfg = Debug|Win32
		{F64918EA-DD9F-4213-ABE2-28B571DC1AAB}.DVD-5|Win32.Build.0 = Debug|Win32
		{F64918EA-DD9F-4213-ABE2-28B571DC1AAB}.DVD-5|x64.ActiveCfg = Debug|x64
		{F64918EA-DD9F-4213-ABE2-28B571DC1AAB}.DVD-5|x64.Build.0 = Debug|x64
		{F64918EA-DD9F-4213-ABE2-28B571DC1AAB}.Release|Any CPU.ActiveCfg = Release|Win32
		{F64918EA-DD9F-4213-ABE2-28B571DC1AAB}.Release|Win32.ActiveCfg = Release|Win32
		{F64918EA-DD9F-4213-ABE2-28B571DC1AAB}.Release|Win32.Build.0 = Release|Win32
		{F64918EA-DD9F-4213-ABE2-28B571DC1AAB}.Release|x64.ActiveCfg = Release|x64
		{F64918EA-DD9F-4213-ABE2-28B571DC1AAB}.SingleImage|Any CPU.ActiveCfg = Debug|x64
		{F64918EA-DD9F-4213-ABE2-28B571DC1AAB}.SingleImage|Any CPU.Build.0 = Debug|x64
		{F64918EA-DD9F-4213-ABE2-28B571DC1AAB}.SingleImage|Win32.ActiveCfg = Release|Win32
		{F64918EA-DD9F-4213-ABE2-28B571DC1AAB}.SingleImage|Win32.Build.0 = Release|Win32
		{F64918EA-DD9F-4213-ABE2-28B571DC1AAB}.SingleImage|x64.ActiveCfg = Release|x64
		{F64918EA-DD9F-4213-ABE2-28B571DC1AAB}.SingleImage|x64.Build.0 = Release|x64
		{C0074100-7EE6-4A53-B915-122243E3AA58}.CD_ROM|Any CPU.ActiveCfg = Debug
		{C0074100-7EE6-4A53-B915-122243E3AA58}.CD_ROM|Any CPU.Build.0 = Debug
		{C0074100-7EE6-4A53-B915-122243E3AA58}.CD_ROM|Win32.ActiveCfg = Release
		{C0074100-7EE6-4A53-B915-122243E3AA58}.CD_ROM|Win32.Build.0 = Release
		{C0074100-7EE6-4A53-B915-122243E3AA58}.CD_ROM|x64.ActiveCfg = Debug
		{C0074100-7EE6-4A53-B915-122243E3AA58}.CD_ROM|x64.Build.0 = Debug
		{C0074100-7EE6-4A53-B915-122243E3AA58}.Debug|Any CPU.ActiveCfg = Debug
		{C0074100-7EE6-4A53-B915-122243E3AA58}.Debug|Any CPU.Build.0 = Debug
		{C0074100-7EE6-4A53-B915-122243E3AA58}.Debug|Win32.ActiveCfg = Debug
		{C0074100-7EE6-4A53-B915-122243E3AA58}.Debug|x64.ActiveCfg = Debug
		{C0074100-7EE6-4A53-B915-122243E3AA58}.Debug|x64.Build.0 = Debug
		{C0074100-7EE6-4A53-B915-122243E3AA58}.DVD-5|Any CPU.ActiveCfg = Debug
		{C0074100-7EE6-4A53-B915-122243E3AA58}.DVD-5|Any CPU.Build.0 = Debug
		{C0074100-7EE6-4A53-B915-122243E3AA58}.DVD-5|Win32.ActiveCfg = Debug
		{C0074100-7EE6-4A53-B915-122243E3AA58}.DVD-5|Win32.Build.0 = Debug
		{C0074100-7EE6-4A53-B915-122243E3AA58}.DVD-5|x64.ActiveCfg = Debug
		{C0074100-7EE6-4A53-B915-122243E3AA58}.DVD-5|x64.Build.0 = Debug
		{C0074100-7EE6-4A53-B915-122243E3AA58}.Release|Any CPU.ActiveCfg = Release
		{C0074100-7EE6-4A53-B915-122243E3AA58}.Release|Any CPU.Build.0 = Release
		{C0074100-7EE6-4A53-B915-122243E3AA58}.Release|Win32.ActiveCfg = Release
		{C0074100-7EE6-4A53-B915-122243E3AA58}.Release|x64.ActiveCfg = Release
		{C0074100-7EE6-4A53-B915-122243E3AA58}.Release|x64.Build.0 = Release
		{C0074100-7EE6-4A53-B915-122243E3AA58}.SingleImage|Any CPU.ActiveCfg = Debug
		{C0074100-7EE6-4A53-B915-122243E3AA58}.SingleImage|Any CPU.Build.0 = Debug
		{C0074100-7EE6-4A53-B915-122243E3AA58}.SingleImage|Win32.ActiveCfg = Release
		{C0074100-7EE6-4A53-B915-122243E3AA58}.SingleImage|Win32.Build.0 = Release
		{C0074100-7EE6-4A53-B915-122243E3AA58}.SingleImage|x64.ActiveCfg = Debug
		{C0074100-7EE6-4A53-B915-122243E3AA58}.SingleImage|x64.Build.0 = Debug
		{162A91BA-84C3-4B96-8FED-A985BB6C3287}.CD_ROM|Any CPU.ActiveCfg = Debug|x64
		{162A91BA-84C3-4B96-8FED-A985BB6C3287}.CD_ROM|Any CPU.Build.0 = Debug|x64
		{162A91BA-84C3-4B96-8FED-A985BB6C3287}.CD_ROM|Win32.ActiveCfg = Release|Win32
		{162A91BA-84C3-4B96-8FED-A985BB6C3287}.CD_ROM|Win32.Build.0 = Release|Win32
		{162A91BA-84C3-4B96-8FED-A985BB6C3287}.CD_ROM|x64.ActiveCfg = Release|x64
		{162A91BA-84C3-4B96-8FED-A985BB6C3287}.CD_ROM|x64.Build.0 = Release|x64
		{162A91BA-84C3-4B96-8FED-A985BB6C3287}.Debug|Any CPU.ActiveCfg = Debug|Win32
		{162A91BA-84C3-4B96-8FED-A985BB6C3287}.Debug|Win32.ActiveCfg = Debug|Win32
		{162A91BA-84C3-4B96-8FED-A985BB6C3287}.Debug|Win32.Build.0 = Debug|Win32
		{162A91BA-84C3-4B96-8FED-A985BB6C3287}.Debug|x64.ActiveCfg = Debug|x64
		{162A91BA-84C3-4B96-8FED-A985BB6C3287}.Debug|x64.Build.0 = Debug|x64
		{162A91BA-84C3-4B96-8FED-A985BB6C3287}.DVD-5|Any CPU.ActiveCfg = Debug|x64
		{162A91BA-84C3-4B96-8FED-A985BB6C3287}.DVD-5|Any CPU.Build.0 = Debug|x64
		{162A91BA-84C3-4B96-8FED-A985BB6C3287}.DVD-5|Win32.ActiveCfg = Debug|Win32
		{162A91BA-84C3-4B96-8FED-A985BB6C3287}.DVD-5|Win32.Build.0 = Debug|Win32
		{162A91BA-84C3-4B96-8FED-A985BB6C3287}.DVD-5|x64.ActiveCfg = Debug|x64
		{162A91BA-84C3-4B96-8FED-A985BB6C3287}.DVD-5|x64.Build.0 = Debug|x64
		{162A91BA-84C3-4B96-8FED-A985BB6C3287}.Release|Any CPU.ActiveCfg = Release|Win32
		{162A91BA-84C3-4B96-8FED-A985BB6C3287}.Release|Win32.ActiveCfg = Release|x64
		{162A91BA-84C3-4B96-8FED-A985BB6C3287}.Release|Win32.Build.0 = Release|x64
		{162A91BA-84C3-4B96-8FED-A985BB6C3287}.Release|x64.ActiveCfg = Release|x64
		{162A91BA-84C3-4B96-8FED-A985BB6C3287}.Release|x64.Build.0 = Release|x64
		{162A91BA-84C3-4B96-8FED-A985BB6C3287}.SingleImage|Any CPU.ActiveCfg = Debug|x64
		{162A91BA-84C3-4B96-8FED-A985BB6C3287}.SingleImage|Any CPU.Build.0 = Debug|x64
		{162A91BA-84C3-4B96-8FED-A985BB6C3287}.SingleImage|Win32.ActiveCfg = Release|Win32
		{162A91BA-84C3-4B96-8FED-A985BB6C3287}.SingleImage|Win32.Build.0 = Release|Win32
		{162A91BA-84C3-4B96-8FED-A985BB6C3287}.SingleImage|x64.ActiveCfg = Release|x64
		{162A91BA-84C3-4B96-8FED-A985BB6C3287}.SingleImage|x64.Build.0 = Release|x64
		{34C50499-7515-44E4-B1BD-C7A1920169D3}.CD_ROM|Any CPU.ActiveCfg = Debug
		{34C50499-7515-44E4-B1BD-C7A1920169D3}.CD_ROM|Any CPU.Build.0 = Debug
		{34C50499-7515-44E4-B1BD-C7A1920169D3}.CD_ROM|Win32.ActiveCfg = Release
		{34C50499-7515-44E4-B1BD-C7A1920169D3}.CD_ROM|Win32.Build.0 = Release
		{34C50499-7515-44E4-B1BD-C7A1920169D3}.CD_ROM|x64.ActiveCfg = Debug
		{34C50499-7515-44E4-B1BD-C7A1920169D3}.CD_ROM|x64.Build.0 = Debug
		{34C50499-7515-44E4-B1BD-C7A1920169D3}.Debug|Any CPU.ActiveCfg = Debug
		{34C50499-7515-44E4-B1BD-C7A1920169D3}.Debug|Any CPU.Build.0 = Debug
		{34C50499-7515-44E4-B1BD-C7A1920169D3}.Debug|Win32.ActiveCfg = Debug
		{34C50499-7515-44E4-B1BD-C7A1920169D3}.Debug|x64.ActiveCfg = Debug
		{34C50499-7515-44E4-B1BD-C7A1920169D3}.Debug|x64.Build.0 = Debug
		{34C50499-7515-44E4-B1BD-C7A1920169D3}.DVD-5|Any CPU.ActiveCfg = Debug
		{34C50499-7515-44E4-B1BD-C7A1920169D3}.DVD-5|Any CPU.Build.0 = Debug
		{34C50499-7515-44E4-B1BD-C7A1920169D3}.DVD-5|Win32.ActiveCfg = Debug
		{34C50499-7515-44E4-B1BD-C7A1920169D3}.DVD-5|Win32.Build.0 = Debug
		{34C50499-7515-44E4-B1BD-C7A1920169D3}.DVD-5|x64.ActiveCfg = Debug
		{34C50499-7515-44E4-B1BD-C7A1920169D3}.DVD-5|x64.Build.0 = Debug
		{34C50499-7515-44E4-B1BD-C7A1920169D3}.Release|Any CPU.ActiveCfg = Release
		{34C50499-7515-44E4-B1BD-C7A1920169D3}.Release|Any CPU.Build.0 = Release
		{34C50499-7515-44E4-B1BD-C7A1920169D3}.Release|Win32.ActiveCfg = Release
		{34C50499-7515-44E4-B1BD-C7A1920169D3}.Release|x64.ActiveCfg = Release
		{34C50499-7515-44E4-B1BD-C7A1920169D3}.Release|x64.Build.0 = Release
		{34C50499-7515-44E4-B1BD-C7A1920169D3}.SingleImage|Any CPU.ActiveCfg = Debug
		{34C50499-7515-44E4-B1BD-C7A1920169D3}.SingleImage|Any CPU.Build.0 = Debug
		{34C50499-7515-44E4-B1BD-C7A1920169D3}.SingleImage|Win32.ActiveCfg = Release
		{34C50499-7515-44E4-B1BD-C7A1920169D3}.SingleImage|Win32.Build.0 = Release
		{34C50499-7515-44E4-B1BD-C7A1920169D3}.SingleImage|x64.ActiveCfg = Debug
		{34C50499-7515-44E4-B1BD-C7A1920169D3}.SingleImage|x64.Build.0 = Debug
		{EA8A1831-E3AA-45EF-AE75-680296138425}.CD_ROM|Any CPU.ActiveCfg = Debug
		{EA8A1831-E3AA-45EF-AE75-680296138425}.CD_ROM|Any CPU.Build.0 = Debug
		{EA8A1831-E3AA-45EF-AE75-680296138425}.CD_ROM|Win32.ActiveCfg = Release
		{EA8A1831-E3AA-45EF-AE75-680296138425}.CD_ROM|Win32.Build.0 = Release
		{EA8A1831-E3AA-45EF-AE75-680296138425}.CD_ROM|x64.ActiveCfg = Debug
		{EA8A1831-E3AA-45EF-AE75-680296138425}.CD_ROM|x64.Build.0 = Debug
		{EA8A1831-E3AA-45EF-AE75-680296138425}.Debug|Any CPU.ActiveCfg = Debug
		{EA8A1831-E3AA-45EF-AE75-680296138425}.Debug|Any CPU.Build.0 = Debug
		{EA8A1831-E3AA-45EF-AE75-680296138425}.Debug|Win32.ActiveCfg = Debug
		{EA8A1831-E3AA-45EF-AE75-680296138425}.Debug|x64.ActiveCfg = Debug
		{EA8A1831-E3AA-45EF-AE75-680296138425}.Debug|x64.Build.0 = Debug
		{EA8A1831-E3AA-45EF-AE75-680296138425}.DVD-5|Any CPU.ActiveCfg = Debug
		{EA8A1831-E3AA-45EF-AE75-680296138425}.DVD-5|Any CPU.Build.0 = Debug
		{EA8A1831-E3AA-45EF-AE75-680296138425}.DVD-5|Win32.ActiveCfg = Debug
		{EA8A1831-E3AA-45EF-AE75-680296138425}.DVD-5|Win32.Build.0 = Debug
		{EA8A1831-E3AA-45EF-AE75-680296138425}.DVD-5|x64.ActiveCfg = Debug
		{EA8A1831-E3AA-45EF-AE75-680296138425}.DVD-5|x64.Build.0 = Debug
		{EA8A1831-E3AA-45EF-AE75-680296138425}.Release|Any CPU.ActiveCfg = Release
		{EA8A1831-E3AA-45EF-AE75-680296138425}.Release|Any CPU.Build.0 = Release
		{EA8A1831-E3AA-45EF-AE75-680296138425}.Release|Win32.ActiveCfg = Release
		{EA8A1831-E3AA-45EF-AE75-680296138425}.Release|x64.ActiveCfg = Release
		{EA8A1831-E3AA-45EF-AE75-680296138425}.Release|x64.Build.0 = Release
		{EA8A1831-E3AA-45EF-AE75-680296138425}.SingleImage|Any CPU.ActiveCfg = Debug
		{EA8A1831-E3AA-45EF-AE75-680296138425}.SingleImage|Any CPU.Build.0 = Debug
		{EA8A1831-E3AA-45EF-AE75-680296138425}.SingleImage|Win32.ActiveCfg = Release
		{EA8A1831-E3AA-45EF-AE75-680296138425}.SingleImage|Win32.Build.0 = Release
		{EA8A1831-E3AA-45EF-AE75-680296138425}.SingleImage|x64.ActiveCfg = Debug
		{EA8A1831-E3AA-45EF-AE75-680296138425}.SingleImage|x64.Build.0 = Debug
		{CAEA85C4-B0D1-4F5A-AC66-75C03ADFAB3B}.CD_ROM|Any CPU.ActiveCfg = Debug|x64
		{CAEA85C4-B0D1-4F5A-AC66-75C03ADFAB3B}.CD_ROM|Any CPU.Build.0 = Debug|x64
		{CAEA85C4-B0D1-4F5A-AC66-75C03ADFAB3B}.CD_ROM|Win32.ActiveCfg = Release|Win32
		{CAEA85C4-B0D1-4F5A-AC66-75C03ADFAB3B}.CD_ROM|Win32.Build.0 = Release|Win32
		{CAEA85C4-B0D1-4F5A-AC66-75C03ADFAB3B}.CD_ROM|x64.ActiveCfg = Release|x64
		{CAEA85C4-B0D1-4F5A-AC66-75C03ADFAB3B}.CD_ROM|x64.Build.0 = Release|x64
		{CAEA85C4-B0D1-4F5A-AC66-75C03ADFAB3B}.Debug|Any CPU.ActiveCfg = Debug|Win32
		{CAEA85C4-B0D1-4F5A-AC66-75C03ADFAB3B}.Debug|Win32.ActiveCfg = Debug|Win32
		{CAEA85C4-B0D1-4F5A-AC66-75C03ADFAB3B}.Debug|Win32.Build.0 = Debug|Win32
		{CAEA85C4-B0D1-4F5A-AC66-75C03ADFAB3B}.Debug|x64.ActiveCfg = Debug|x64
		{CAEA85C4-B0D1-4F5A-AC66-75C03ADFAB3B}.Debug|x64.Build.0 = Debug|x64
		{CAEA85C4-B0D1-4F5A-AC66-75C03ADFAB3B}.DVD-5|Any CPU.ActiveCfg = Debug|x64
		{CAEA85C4-B0D1-4F5A-AC66-75C03ADFAB3B}.DVD-5|Any CPU.Build.0 = Debug|x64
		{CAEA85C4-B0D1-4F5A-AC66-75C03ADFAB3B}.DVD-5|Win32.ActiveCfg = Debug|Win32
		{CAEA85C4-B0D1-4F5A-AC66-75C03ADFAB3B}.DVD-5|Win32.Build.0 = Debug|Win32
		{CAEA85C4-B0D1-4F5A-AC66-75C03ADFAB3B}.DVD-5|x64.ActiveCfg = Debug|x64
		{CAEA85C4-B0D1-4F5A-AC66-75C03ADFAB3B}.DVD-5|x64.Build.0 = Debug|x64
		{CAEA85C4-B0D1-4F5A-AC66-75C03ADFAB3B}.Release|Any CPU.ActiveCfg = Release|Win32
		{CAEA85C4-B0D1-4F5A-AC66-75C03ADFAB3B}.Release|Win32.ActiveCfg = Release|Win32
		{CAEA85C4-B0D1-4F5A-AC66-75C03ADFAB3B}.Release|Win32.Build.0 = Release|Win32
		{CAEA85C4-B0D1-4F5A-AC66-75C03ADFAB3B}.Release|x64.ActiveCfg = Release|x64
		{CAEA85C4-B0D1-4F5A-AC66-75C03ADFAB3B}.SingleImage|Any CPU.ActiveCfg = Debug|x64
		{CAEA85C4-B0D1-4F5A-AC66-75C03ADFAB3B}.SingleImage|Any CPU.Build.0 = Debug|x64
		{CAEA85C4-B0D1-4F5A-AC66-75C03ADFAB3B}.SingleImage|Win32.ActiveCfg = Release|Win32
		{CAEA85C4-B0D1-4F5A-AC66-75C03ADFAB3B}.SingleImage|Win32.Build.0 = Release|Win32
		{CAEA85C4-B0D1-4F5A-AC66-75C03ADFAB3B}.SingleImage|x64.ActiveCfg = Release|x64
		{CAEA85C4-B0D1-4F5A-AC66-75C03ADFAB3B}.SingleImage|x64.Build.0 = Release|x64
		{E192951F-0C64-4CBA-BB24-A3CC65554FD5}.CD_ROM|Any CPU.ActiveCfg = Debug
		{E192951F-0C64-4CBA-BB24-A3CC65554FD5}.CD_ROM|Any CPU.Build.0 = Debug
		{E192951F-0C64-4CBA-BB24-A3CC65554FD5}.CD_ROM|Win32.ActiveCfg = Release
		{E192951F-0C64-4CBA-BB24-A3CC65554FD5}.CD_ROM|x64.ActiveCfg = Debug
		{E192951F-0C64-4CBA-BB24-A3CC65554FD5}.CD_ROM|x64.Build.0 = Debug
		{E192951F-0C64-4CBA-BB24-A3CC65554FD5}.Debug|Any CPU.ActiveCfg = Debug
		{E192951F-0C64-4CBA-BB24-A3CC65554FD5}.Debug|Any CPU.Build.0 = Debug
		{E192951F-0C64-4CBA-BB24-A3CC65554FD5}.Debug|Win32.ActiveCfg = Debug
		{E192951F-0C64-4CBA-BB24-A3CC65554FD5}.Debug|x64.ActiveCfg = Debug
		{E192951F-0C64-4CBA-BB24-A3CC65554FD5}.Debug|x64.Build.0 = Debug
		{E192951F-0C64-4CBA-BB24-A3CC65554FD5}.DVD-5|Any CPU.ActiveCfg = Debug
		{E192951F-0C64-4CBA-BB24-A3CC65554FD5}.DVD-5|Any CPU.Build.0 = Debug
		{E192951F-0C64-4CBA-BB24-A3CC65554FD5}.DVD-5|Win32.ActiveCfg = Debug
		{E192951F-0C64-4CBA-BB24-A3CC65554FD5}.DVD-5|x64.ActiveCfg = Debug
		{E192951F-0C64-4CBA-BB24-A3CC65554FD5}.DVD-5|x64.Build.0 = Debug
		{E192951F-0C64-4CBA-BB24-A3CC65554FD5}.Release|Any CPU.ActiveCfg = Release
		{E192951F-0C64-4CBA-BB24-A3CC65554FD5}.Release|Any CPU.Build.0 = Release
		{E192951F-0C64-4CBA-BB24-A3CC65554FD5}.Release|Win32.ActiveCfg = Release
		{E192951F-0C64-4CBA-BB24-A3CC65554FD5}.Release|x64.ActiveCfg = Release
		{E192951F-0C64-4CBA-BB24-A3CC65554FD5}.Release|x64.Build.0 = Release
		{E192951F-0C64-4CBA-BB24-A3CC65554FD5}.SingleImage|Any CPU.ActiveCfg = Debug
		{E192951F-0C64-4CBA-BB24-A3CC65554FD5}.SingleImage|Any CPU.Build.0 = Debug
		{E192951F-0C64-4CBA-BB24-A3CC65554FD5}.SingleImage|Win32.ActiveCfg = Release
		{E192951F-0C64-4CBA-BB24-A3CC65554FD5}.SingleImage|x64.ActiveCfg = Debug
		{E192951F-0C64-4CBA-BB24-A3CC65554FD5}.SingleImage|x64.Build.0 = Debug
		{3CA893A5-6842-4B0B-816F-622C3F2635CE}.CD_ROM|Any CPU.ActiveCfg = Debug|Any CPU
		{3CA893A5-6842-4B0B-816F-622C3F2635CE}.CD_ROM|Any CPU.Build.0 = Debug|Any CPU
		{3CA893A5-6842-4B0B-816F-622C3F2635CE}.CD_ROM|Win32.ActiveCfg = Debug|Any CPU
		{3CA893A5-6842-4B0B-816F-622C3F2635CE}.CD_ROM|Win32.Build.0 = Debug|Any CPU
		{3CA893A5-6842-4B0B-816F-622C3F2635CE}.CD_ROM|x64.ActiveCfg = Debug|Any CPU
		{3CA893A5-6842-4B0B-816F-622C3F2635CE}.CD_ROM|x64.Build.0 = Debug|Any CPU
		{3CA893A5-6842-4B0B-816F-622C3F2635CE}.Debug|Any CPU.ActiveCfg = Debug|Any CPU
		{3CA893A5-6842-4B0B-816F-622C3F2635CE}.Debug|Any CPU.Build.0 = Debug|Any CPU
		{3CA893A5-6842-4B0B-816F-622C3F2635CE}.Debug|Win32.ActiveCfg = Debug|Any CPU
		{3CA893A5-6842-4B0B-816F-622C3F2635CE}.Debug|Win32.Build.0 = Debug|Any CPU
		{3CA893A5-6842-4B0B-816F-622C3F2635CE}.Debug|x64.ActiveCfg = Debug|Any CPU
		{3CA893A5-6842-4B0B-816F-622C3F2635CE}.Debug|x64.Build.0 = Debug|Any CPU
		{3CA893A5-6842-4B0B-816F-622C3F2635CE}.DVD-5|Any CPU.ActiveCfg = Debug|Any CPU
		{3CA893A5-6842-4B0B-816F-622C3F2635CE}.DVD-5|Any CPU.Build.0 = Debug|Any CPU
		{3CA893A5-6842-4B0B-816F-622C3F2635CE}.DVD-5|Win32.ActiveCfg = Debug|Any CPU
		{3CA893A5-6842-4B0B-816F-622C3F2635CE}.DVD-5|Win32.Build.0 = Debug|Any CPU
		{3CA893A5-6842-4B0B-816F-622C3F2635CE}.DVD-5|x64.ActiveCfg = Debug|Any CPU
		{3CA893A5-6842-4B0B-816F-622C3F2635CE}.DVD-5|x64.Build.0 = Debug|Any CPU
		{3CA893A5-6842-4B0B-816F-622C3F2635CE}.Release|Any CPU.ActiveCfg = Debug|Any CPU
		{3CA893A5-6842-4B0B-816F-622C3F2635CE}.Release|Any CPU.Build.0 = Debug|Any CPU
		{3CA893A5-6842-4B0B-816F-622C3F2635CE}.Release|Win32.ActiveCfg = Debug|Any CPU
		{3CA893A5-6842-4B0B-816F-622C3F2635CE}.Release|Win32.Build.0 = Debug|Any CPU
		{3CA893A5-6842-4B0B-816F-622C3F2635CE}.Release|x64.ActiveCfg = Debug|Any CPU
		{3CA893A5-6842-4B0B-816F-622C3F2635CE}.Release|x64.Build.0 = Debug|Any CPU
		{3CA893A5-6842-4B0B-816F-622C3F2635CE}.SingleImage|Any CPU.ActiveCfg = Debug|Any CPU
		{3CA893A5-6842-4B0B-816F-622C3F2635CE}.SingleImage|Any CPU.Build.0 = Debug|Any CPU
		{3CA893A5-6842-4B0B-816F-622C3F2635CE}.SingleImage|Win32.ActiveCfg = Debug|Any CPU
		{3CA893A5-6842-4B0B-816F-622C3F2635CE}.SingleImage|Win32.Build.0 = Debug|Any CPU
		{3CA893A5-6842-4B0B-816F-622C3F2635CE}.SingleImage|x64.ActiveCfg = Debug|Any CPU
		{3CA893A5-6842-4B0B-816F-622C3F2635CE}.SingleImage|x64.Build.0 = Debug|Any CPU
		{CEC1C31A-221E-4FE8-BFB4-6F0A91B7F3EC}.CD_ROM|Any CPU.ActiveCfg = Release|x64
		{CEC1C31A-221E-4FE8-BFB4-6F0A91B7F3EC}.CD_ROM|Any CPU.Build.0 = Release|x64
		{CEC1C31A-221E-4FE8-BFB4-6F0A91B7F3EC}.CD_ROM|Win32.ActiveCfg = Release|Win32
		{CEC1C31A-221E-4FE8-BFB4-6F0A91B7F3EC}.CD_ROM|Win32.Build.0 = Release|Win32
		{CEC1C31A-221E-4FE8-BFB4-6F0A91B7F3EC}.CD_ROM|x64.ActiveCfg = Release|x64
		{CEC1C31A-221E-4FE8-BFB4-6F0A91B7F3EC}.CD_ROM|x64.Build.0 = Release|x64
		{CEC1C31A-221E-4FE8-BFB4-6F0A91B7F3EC}.Debug|Any CPU.ActiveCfg = Debug|Win32
		{CEC1C31A-221E-4FE8-BFB4-6F0A91B7F3EC}.Debug|Win32.ActiveCfg = Debug|Win32
		{CEC1C31A-221E-4FE8-BFB4-6F0A91B7F3EC}.Debug|Win32.Build.0 = Debug|Win32
		{CEC1C31A-221E-4FE8-BFB4-6F0A91B7F3EC}.Debug|x64.ActiveCfg = Debug|x64
		{CEC1C31A-221E-4FE8-BFB4-6F0A91B7F3EC}.Debug|x64.Build.0 = Debug|x64
		{CEC1C31A-221E-4FE8-BFB4-6F0A91B7F3EC}.DVD-5|Any CPU.ActiveCfg = Release|x64
		{CEC1C31A-221E-4FE8-BFB4-6F0A91B7F3EC}.DVD-5|Any CPU.Build.0 = Release|x64
		{CEC1C31A-221E-4FE8-BFB4-6F0A91B7F3EC}.DVD-5|Win32.ActiveCfg = Debug|Win32
		{CEC1C31A-221E-4FE8-BFB4-6F0A91B7F3EC}.DVD-5|Win32.Build.0 = Debug|Win32
		{CEC1C31A-221E-4FE8-BFB4-6F0A91B7F3EC}.DVD-5|x64.ActiveCfg = Debug|x64
		{CEC1C31A-221E-4FE8-BFB4-6F0A91B7F3EC}.DVD-5|x64.Build.0 = Debug|x64
		{CEC1C31A-221E-4FE8-BFB4-6F0A91B7F3EC}.Release|Any CPU.ActiveCfg = Release|Win32
		{CEC1C31A-221E-4FE8-BFB4-6F0A91B7F3EC}.Release|Win32.ActiveCfg = Release|Win32
		{CEC1C31A-221E-4FE8-BFB4-6F0A91B7F3EC}.Release|Win32.Build.0 = Release|Win32
		{CEC1C31A-221E-4FE8-BFB4-6F0A91B7F3EC}.Release|x64.ActiveCfg = Release|x64
		{CEC1C31A-221E-4FE8-BFB4-6F0A91B7F3EC}.Release|x64.Build.0 = Release|x64
		{CEC1C31A-221E-4FE8-BFB4-6F0A91B7F3EC}.SingleImage|Any CPU.ActiveCfg = Release|x64
		{CEC1C31A-221E-4FE8-BFB4-6F0A91B7F3EC}.SingleImage|Any CPU.Build.0 = Release|x64
		{CEC1C31A-221E-4FE8-BFB4-6F0A91B7F3EC}.SingleImage|Win32.ActiveCfg = Release|Win32
		{CEC1C31A-221E-4FE8-BFB4-6F0A91B7F3EC}.SingleImage|Win32.Build.0 = Release|Win32
		{CEC1C31A-221E-4FE8-BFB4-6F0A91B7F3EC}.SingleImage|x64.ActiveCfg = Release|x64
		{CEC1C31A-221E-4FE8-BFB4-6F0A91B7F3EC}.SingleImage|x64.Build.0 = Release|x64
		{5F0573F9-2183-42AD-83B9-1F07C301BEE9}.CD_ROM|Any CPU.ActiveCfg = Release|x64
		{5F0573F9-2183-42AD-83B9-1F07C301BEE9}.CD_ROM|Any CPU.Build.0 = Release|x64
		{5F0573F9-2183-42AD-83B9-1F07C301BEE9}.CD_ROM|Win32.ActiveCfg = Release|Win32
		{5F0573F9-2183-42AD-83B9-1F07C301BEE9}.CD_ROM|Win32.Build.0 = Release|Win32
		{5F0573F9-2183-42AD-83B9-1F07C301BEE9}.CD_ROM|x64.ActiveCfg = Release|x64
		{5F0573F9-2183-42AD-83B9-1F07C301BEE9}.CD_ROM|x64.Build.0 = Release|x64
		{5F0573F9-2183-42AD-83B9-1F07C301BEE9}.Debug|Any CPU.ActiveCfg = Debug|Win32
		{5F0573F9-2183-42AD-83B9-1F07C301BEE9}.Debug|Win32.ActiveCfg = Debug|Win32
		{5F0573F9-2183-42AD-83B9-1F07C301BEE9}.Debug|Win32.Build.0 = Debug|Win32
		{5F0573F9-2183-42AD-83B9-1F07C301BEE9}.Debug|x64.ActiveCfg = Debug|x64
		{5F0573F9-2183-42AD-83B9-1F07C301BEE9}.Debug|x64.Build.0 = Debug|x64
		{5F0573F9-2183-42AD-83B9-1F07C301BEE9}.DVD-5|Any CPU.ActiveCfg = Release|x64
		{5F0573F9-2183-42AD-83B9-1F07C301BEE9}.DVD-5|Any CPU.Build.0 = Release|x64
		{5F0573F9-2183-42AD-83B9-1F07C301BEE9}.DVD-5|Win32.ActiveCfg = Debug|Win32
		{5F0573F9-2183-42AD-83B9-1F07C301BEE9}.DVD-5|Win32.Build.0 = Debug|Win32
		{5F0573F9-2183-42AD-83B9-1F07C301BEE9}.DVD-5|x64.ActiveCfg = Debug|x64
		{5F0573F9-2183-42AD-83B9-1F07C301BEE9}.DVD-5|x64.Build.0 = Debug|x64
		{5F0573F9-2183-42AD-83B9-1F07C301BEE9}.Release|Any CPU.ActiveCfg = Release|Win32
		{5F0573F9-2183-42AD-83B9-1F07C301BEE9}.Release|Win32.ActiveCfg = Release|Win32
		{5F0573F9-2183-42AD-83B9-1F07C301BEE9}.Release|Win32.Build.0 = Release|Win32
		{5F0573F9-2183-42AD-83B9-1F07C301BEE9}.Release|x64.ActiveCfg = Release|x64
		{5F0573F9-2183-42AD-83B9-1F07C301BEE9}.Release|x64.Build.0 = Release|x64
		{5F0573F9-2183-42AD-83B9-1F07C301BEE9}.SingleImage|Any CPU.ActiveCfg = Release|x64
		{5F0573F9-2183-42AD-83B9-1F07C301BEE9}.SingleImage|Any CPU.Build.0 = Release|x64
		{5F0573F9-2183-42AD-83B9-1F07C301BEE9}.SingleImage|Win32.ActiveCfg = Release|Win32
		{5F0573F9-2183-42AD-83B9-1F07C301BEE9}.SingleImage|Win32.Build.0 = Release|Win32
		{5F0573F9-2183-42AD-83B9-1F07C301BEE9}.SingleImage|x64.ActiveCfg = Release|x64
		{5F0573F9-2183-42AD-83B9-1F07C301BEE9}.SingleImage|x64.Build.0 = Release|x64
		{3D5F9BB9-3FC9-4F7A-B839-2997B199F49E}.CD_ROM|Any CPU.ActiveCfg = Release|x64
		{3D5F9BB9-3FC9-4F7A-B839-2997B199F49E}.CD_ROM|Any CPU.Build.0 = Release|x64
		{3D5F9BB9-3FC9-4F7A-B839-2997B199F49E}.CD_ROM|Win32.ActiveCfg = Release|Win32
		{3D5F9BB9-3FC9-4F7A-B839-2997B199F49E}.CD_ROM|Win32.Build.0 = Release|Win32
		{3D5F9BB9-3FC9-4F7A-B839-2997B199F49E}.CD_ROM|x64.ActiveCfg = Release|x64
		{3D5F9BB9-3FC9-4F7A-B839-2997B199F49E}.CD_ROM|x64.Build.0 = Release|x64
		{3D5F9BB9-3FC9-4F7A-B839-2997B199F49E}.Debug|Any CPU.ActiveCfg = Debug|Win32
		{3D5F9BB9-3FC9-4F7A-B839-2997B199F49E}.Debug|Win32.ActiveCfg = Debug|Win32
		{3D5F9BB9-3FC9-4F7A-B839-2997B199F49E}.Debug|Win32.Build.0 = Debug|Win32
		{3D5F9BB9-3FC9-4F7A-B839-2997B199F49E}.Debug|x64.ActiveCfg = Debug|x64
		{3D5F9BB9-3FC9-4F7A-B839-2997B199F49E}.Debug|x64.Build.0 = Debug|x64
		{3D5F9BB9-3FC9-4F7A-B839-2997B199F49E}.DVD-5|Any CPU.ActiveCfg = Release|x64
		{3D5F9BB9-3FC9-4F7A-B839-2997B199F49E}.DVD-5|Any CPU.Build.0 = Release|x64
		{3D5F9BB9-3FC9-4F7A-B839-2997B199F49E}.DVD-5|Win32.ActiveCfg = Debug|Win32
		{3D5F9BB9-3FC9-4F7A-B839-2997B199F49E}.DVD-5|Win32.Build.0 = Debug|Win32
		{3D5F9BB9-3FC9-4F7A-B839-2997B199F49E}.DVD-5|x64.ActiveCfg = Debug|x64
		{3D5F9BB9-3FC9-4F7A-B839-2997B199F49E}.DVD-5|x64.Build.0 = Debug|x64
		{3D5F9BB9-3FC9-4F7A-B839-2997B199F49E}.Release|Any CPU.ActiveCfg = Release|Win32
		{3D5F9BB9-3FC9-4F7A-B839-2997B199F49E}.Release|Win32.ActiveCfg = Release|Win32
		{3D5F9BB9-3FC9-4F7A-B839-2997B199F49E}.Release|Win32.Build.0 = Release|Win32
		{3D5F9BB9-3FC9-4F7A-B839-2997B199F49E}.Release|x64.ActiveCfg = Release|x64
		{3D5F9BB9-3FC9-4F7A-B839-2997B199F49E}.Release|x64.Build.0 = Release|x64
		{3D5F9BB9-3FC9-4F7A-B839-2997B199F49E}.SingleImage|Any CPU.ActiveCfg = Release|x64
		{3D5F9BB9-3FC9-4F7A-B839-2997B199F49E}.SingleImage|Any CPU.Build.0 = Release|x64
		{3D5F9BB9-3FC9-4F7A-B839-2997B199F49E}.SingleImage|Win32.ActiveCfg = Release|Win32
		{3D5F9BB9-3FC9-4F7A-B839-2997B199F49E}.SingleImage|Win32.Build.0 = Release|Win32
		{3D5F9BB9-3FC9-4F7A-B839-2997B199F49E}.SingleImage|x64.ActiveCfg = Release|x64
		{3D5F9BB9-3FC9-4F7A-B839-2997B199F49E}.SingleImage|x64.Build.0 = Release|x64
	EndGlobalSection
	GlobalSection(SolutionProperties) = preSolution
		HideSolutionNode = FALSE
	EndGlobalSection
	GlobalSection(ExtensibilityGlobals) = postSolution
		SolutionGuid = {DC1E388A-0B47-4DD5-A20A-93BDE2AEBEEE}
	EndGlobalSection
EndGlobal
